
Microsoft Visual Studio Solution File, Format Version 12.00
# Visual Studio Version 17
VisualStudioVersion = 17.14.36221.1 d17.14
MinimumVisualStudioVersion = 10.0.40219.1
Project("{FAE04EC0-301F-11D3-BF4B-00C04F79EFBC}") = "Mediator", "Mediator\Mediator.csproj", "{7076D66E-CEBD-46F9-9478-934A7D735D28}"
EndProject
Project("{FAE04EC0-301F-11D3-BF4B-00C04F79EFBC}") = "Mediator.Tests", "Mediator.Tests\Mediator.Tests.csproj", "{6D968104-D4E6-408B-BF8E-EC9D7645386F}"
EndProject
Global
	GlobalSection(SolutionConfigurationPlatforms) = preSolution
		Debug|Any CPU = Debug|Any CPU
		Release|Any CPU = Release|Any CPU
	EndGlobalSection
	GlobalSection(ProjectConfigurationPlatforms) = postSolution
		{7076D66E-CEBD-46F9-9478-934A7D735D28}.Debug|Any CPU.ActiveCfg = Debug|Any CPU
		{7076D66E-CEBD-46F9-9478-934A7D735D28}.Debug|Any CPU.Build.0 = Debug|Any CPU
		{7076D66E-CEBD-46F9-9478-934A7D735D28}.Release|Any CPU.ActiveCfg = Release|Any CPU
		{7076D66E-CEBD-46F9-9478-934A7D735D28}.Release|Any CPU.Build.0 = Release|Any CPU
		{6D968104-D4E6-408B-BF8E-EC9D7645386F}.Debug|Any CPU.ActiveCfg = Debug|Any CPU
		{6D968104-D4E6-408B-BF8E-EC9D7645386F}.Debug|Any CPU.Build.0 = Debug|Any CPU
		{6D968104-D4E6-408B-BF8E-EC9D7645386F}.Release|Any CPU.ActiveCfg = Release|Any CPU
		{6D968104-D4E6-408B-BF8E-EC9D7645386F}.Release|Any CPU.Build.0 = Release|Any CPU
	EndGlobalSection
	GlobalSection(SolutionProperties) = preSolution
		HideSolutionNode = FALSE
	EndGlobalSection
	GlobalSection(ExtensibilityGlobals) = postSolution
		SolutionGuid = {FF665456-367E-445A-8EA1-DA11125E6A5E}
	EndGlobalSection
EndGlobal
